
Microsoft Visual Studio Solution File, Format Version 12.00
# Visual Studio Version 17
VisualStudioVersion = 17.14.36705.20
MinimumVisualStudioVersion = 10.0.40219.1
Project("{FAE04EC0-301F-11D3-BF4B-00C04F79EFBC}") = "NegotiatRTestHarness", "src\NegotiatRTestHarness\NegotiatRTestHarness.csproj", "{0EDB9718-053F-1466-D7A6-0ED60F8EAFAB}"
EndProject
Project("{FAE04EC0-301F-11D3-BF4B-00C04F79EFBC}") = "DomainModelTestHarness", "DoaminModelTestHarness\DomainModelTestHarness.csproj", "{672C8C23-D80B-4E3D-90CA-246C07B5D00E}"
EndProject
Project("{FAE04EC0-301F-11D3-BF4B-00C04F79EFBC}") = "DecisioningTestHarness", "DecisioningTestHarness\DecisioningTestHarness.csproj", "{5FB1845B-6673-49DE-9067-6BEC2CA0A1BB}"
EndProject
Project("{FAE04EC0-301F-11D3-BF4B-00C04F79EFBC}") = "DomainTestHarness", "DomainTestHarness\DomainTestHarness.csproj", "{E9A5F964-7DF7-45B2-994A-5EBF6DDC7D0B}"
EndProject
Project("{FAE04EC0-301F-11D3-BF4B-00C04F79EFBC}") = "EventsTestHarness", "EventsTestHarness\EventsTestHarness.csproj", "{7CB2313A-B80E-40E2-94B6-BAB304542ABB}"
EndProject
Project("{8BC9CEB8-8B4A-11D0-8D11-00A0C91BC942}") = "FrontEndTestHarness", "FrontEndTestHarness\FrontEndTestHarness.vcxproj", "{FF763B84-F5F9-4D62-BAB7-8701FA2A04FE}"
EndProject
Global
	GlobalSection(SolutionConfigurationPlatforms) = preSolution
		Debug|Any CPU = Debug|Any CPU
		Debug|x64 = Debug|x64
		Debug|x86 = Debug|x86
		Release|Any CPU = Release|Any CPU
		Release|x64 = Release|x64
		Release|x86 = Release|x86
	EndGlobalSection
	GlobalSection(ProjectConfigurationPlatforms) = postSolution
		{0EDB9718-053F-1466-D7A6-0ED60F8EAFAB}.Debug|Any CPU.ActiveCfg = Debug|Any CPU
		{0EDB9718-053F-1466-D7A6-0ED60F8EAFAB}.Debug|Any CPU.Build.0 = Debug|Any CPU
		{0EDB9718-053F-1466-D7A6-0ED60F8EAFAB}.Debug|x64.ActiveCfg = Debug|Any CPU
		{0EDB9718-053F-1466-D7A6-0ED60F8EAFAB}.Debug|x64.Build.0 = Debug|Any CPU
		{0EDB9718-053F-1466-D7A6-0ED60F8EAFAB}.Debug|x86.ActiveCfg = Debug|Any CPU
		{0EDB9718-053F-1466-D7A6-0ED60F8EAFAB}.Debug|x86.Build.0 = Debug|Any CPU
		{0EDB9718-053F-1466-D7A6-0ED60F8EAFAB}.Release|Any CPU.ActiveCfg = Release|Any CPU
		{0EDB9718-053F-1466-D7A6-0ED60F8EAFAB}.Release|Any CPU.Build.0 = Release|Any CPU
		{0EDB9718-053F-1466-D7A6-0ED60F8EAFAB}.Release|x64.ActiveCfg = Release|Any CPU
		{0EDB9718-053F-1466-D7A6-0ED60F8EAFAB}.Release|x64.Build.0 = Release|Any CPU
		{0EDB9718-053F-1466-D7A6-0ED60F8EAFAB}.Release|x86.ActiveCfg = Release|Any CPU
		{0EDB9718-053F-1466-D7A6-0ED60F8EAFAB}.Release|x86.Build.0 = Release|Any CPU
		{672C8C23-D80B-4E3D-90CA-246C07B5D00E}.Debug|Any CPU.ActiveCfg = Debug|Any CPU
		{672C8C23-D80B-4E3D-90CA-246C07B5D00E}.Debug|Any CPU.Build.0 = Debug|Any CPU
		{672C8C23-D80B-4E3D-90CA-246C07B5D00E}.Debug|x64.ActiveCfg = Debug|Any CPU
		{672C8C23-D80B-4E3D-90CA-246C07B5D00E}.Debug|x64.Build.0 = Debug|Any CPU
		{672C8C23-D80B-4E3D-90CA-246C07B5D00E}.Debug|x86.ActiveCfg = Debug|Any CPU
		{672C8C23-D80B-4E3D-90CA-246C07B5D00E}.Debug|x86.Build.0 = Debug|Any CPU
		{672C8C23-D80B-4E3D-90CA-246C07B5D00E}.Release|Any CPU.ActiveCfg = Release|Any CPU
		{672C8C23-D80B-4E3D-90CA-246C07B5D00E}.Release|Any CPU.Build.0 = Release|Any CPU
		{672C8C23-D80B-4E3D-90CA-246C07B5D00E}.Release|x64.ActiveCfg = Release|Any CPU
		{672C8C23-D80B-4E3D-90CA-246C07B5D00E}.Release|x64.Build.0 = Release|Any CPU
		{672C8C23-D80B-4E3D-90CA-246C07B5D00E}.Release|x86.ActiveCfg = Release|Any CPU
		{672C8C23-D80B-4E3D-90CA-246C07B5D00E}.Release|x86.Build.0 = Release|Any CPU
		{5FB1845B-6673-49DE-9067-6BEC2CA0A1BB}.Debug|Any CPU.ActiveCfg = Debug|Any CPU
		{5FB1845B-6673-49DE-9067-6BEC2CA0A1BB}.Debug|Any CPU.Build.0 = Debug|Any CPU
		{5FB1845B-6673-49DE-9067-6BEC2CA0A1BB}.Debug|x64.ActiveCfg = Debug|Any CPU
		{5FB1845B-6673-49DE-9067-6BEC2CA0A1BB}.Debug|x64.Build.0 = Debug|Any CPU
		{5FB1845B-6673-49DE-9067-6BEC2CA0A1BB}.Debug|x86.ActiveCfg = Debug|Any CPU
		{5FB1845B-6673-49DE-9067-6BEC2CA0A1BB}.Debug|x86.Build.0 = Debug|Any CPU
		{5FB1845B-6673-49DE-9067-6BEC2CA0A1BB}.Release|Any CPU.ActiveCfg = Release|Any CPU
		{5FB1845B-6673-49DE-9067-6BEC2CA0A1BB}.Release|Any CPU.Build.0 = Release|Any CPU
		{5FB1845B-6673-49DE-9067-6BEC2CA0A1BB}.Release|x64.ActiveCfg = Release|Any CPU
		{5FB1845B-6673-49DE-9067-6BEC2CA0A1BB}.Release|x64.Build.0 = Release|Any CPU
		{5FB1845B-6673-49DE-9067-6BEC2CA0A1BB}.Release|x86.ActiveCfg = Release|Any CPU
		{5FB1845B-6673-49DE-9067-6BEC2CA0A1BB}.Release|x86.Build.0 = Release|Any CPU
		{E9A5F964-7DF7-45B2-994A-5EBF6DDC7D0B}.Debug|Any CPU.ActiveCfg = Debug|Any CPU
		{E9A5F964-7DF7-45B2-994A-5EBF6DDC7D0B}.Debug|Any CPU.Build.0 = Debug|Any CPU
		{E9A5F964-7DF7-45B2-994A-5EBF6DDC7D0B}.Debug|x64.ActiveCfg = Debug|Any CPU
		{E9A5F964-7DF7-45B2-994A-5EBF6DDC7D0B}.Debug|x64.Build.0 = Debug|Any CPU
		{E9A5F964-7DF7-45B2-994A-5EBF6DDC7D0B}.Debug|x86.ActiveCfg = Debug|Any CPU
		{E9A5F964-7DF7-45B2-994A-5EBF6DDC7D0B}.Debug|x86.Build.0 = Debug|Any CPU
		{E9A5F964-7DF7-45B2-994A-5EBF6DDC7D0B}.Release|Any CPU.ActiveCfg = Release|Any CPU
		{E9A5F964-7DF7-45B2-994A-5EBF6DDC7D0B}.Release|Any CPU.Build.0 = Release|Any CPU
		{E9A5F964-7DF7-45B2-994A-5EBF6DDC7D0B}.Release|x64.ActiveCfg = Release|Any CPU
		{E9A5F964-7DF7-45B2-994A-5EBF6DDC7D0B}.Release|x64.Build.0 = Release|Any CPU
		{E9A5F964-7DF7-45B2-994A-5EBF6DDC7D0B}.Release|x86.ActiveCfg = Release|Any CPU
		{E9A5F964-7DF7-45B2-994A-5EBF6DDC7D0B}.Release|x86.Build.0 = Release|Any CPU
		{7CB2313A-B80E-40E2-94B6-BAB304542ABB}.Debug|Any CPU.ActiveCfg = Debug|Any CPU
		{7CB2313A-B80E-40E2-94B6-BAB304542ABB}.Debug|Any CPU.Build.0 = Debug|Any CPU
		{7CB2313A-B80E-40E2-94B6-BAB304542ABB}.Debug|x64.ActiveCfg = Debug|Any CPU
		{7CB2313A-B80E-40E2-94B6-BAB304542ABB}.Debug|x64.Build.0 = Debug|Any CPU
		{7CB2313A-B80E-40E2-94B6-BAB304542ABB}.Debug|x86.ActiveCfg = Debug|Any CPU
		{7CB2313A-B80E-40E2-94B6-BAB304542ABB}.Debug|x86.Build.0 = Debug|Any CPU
		{7CB2313A-B80E-40E2-94B6-BAB304542ABB}.Release|Any CPU.ActiveCfg = Release|Any CPU
		{7CB2313A-B80E-40E2-94B6-BAB304542ABB}.Release|Any CPU.Build.0 = Release|Any CPU
		{7CB2313A-B80E-40E2-94B6-BAB304542ABB}.Release|x64.ActiveCfg = Release|Any CPU
		{7CB2313A-B80E-40E2-94B6-BAB304542ABB}.Release|x64.Build.0 = Release|Any CPU
		{7CB2313A-B80E-40E2-94B6-BAB304542ABB}.Release|x86.ActiveCfg = Release|Any CPU
		{7CB2313A-B80E-40E2-94B6-BAB304542ABB}.Release|x86.Build.0 = Release|Any CPU
		{FF763B84-F5F9-4D62-BAB7-8701FA2A04FE}.Debug|Any CPU.ActiveCfg = Debug|x64
		{FF763B84-F5F9-4D62-BAB7-8701FA2A04FE}.Debug|Any CPU.Build.0 = Debug|x64
		{FF763B84-F5F9-4D62-BAB7-8701FA2A04FE}.Debug|x64.ActiveCfg = Debug|x64
		{FF763B84-F5F9-4D62-BAB7-8701FA2A04FE}.Debug|x64.Build.0 = Debug|x64
		{FF763B84-F5F9-4D62-BAB7-8701FA2A04FE}.Debug|x86.ActiveCfg = Debug|Win32
		{FF763B84-F5F9-4D62-BAB7-8701FA2A04FE}.Debug|x86.Build.0 = Debug|Win32
		{FF763B84-F5F9-4D62-BAB7-8701FA2A04FE}.Release|Any CPU.ActiveCfg = Release|x64
		{FF763B84-F5F9-4D62-BAB7-8701FA2A04FE}.Release|Any CPU.Build.0 = Release|x64
		{FF763B84-F5F9-4D62-BAB7-8701FA2A04FE}.Release|x64.ActiveCfg = Release|x64
		{FF763B84-F5F9-4D62-BAB7-8701FA2A04FE}.Release|x64.Build.0 = Release|x64
		{FF763B84-F5F9-4D62-BAB7-8701FA2A04FE}.Release|x86.ActiveCfg = Release|Win32
		{FF763B84-F5F9-4D62-BAB7-8701FA2A04FE}.Release|x86.Build.0 = Release|Win32
	EndGlobalSection
	GlobalSection(SolutionProperties) = preSolution
		HideSolutionNode = FALSE
	EndGlobalSection
	GlobalSection(ExtensibilityGlobals) = postSolution
		SolutionGuid = {83E877B2-625B-4922-B8E1-489F57845C11}
	EndGlobalSection
EndGlobal
